
Microsoft Visual Studio Solution File, Format Version 12.00
# Visual Studio 15
VisualStudioVersion = 15.0.26228.4
MinimumVisualStudioVersion = 10.0.40219.1
Project("{9A19103F-16F7-4668-BE54-9A1E7A4F7556}") = "ProductCatalog.API", "ProductCatalog.API\ProductCatalog.API.csproj", "{20999658-5059-4C19-A0A9-41C57FDB6388}"
EndProject
Project("{9A19103F-16F7-4668-BE54-9A1E7A4F7556}") = "ProductCatalog.Test", "ProductCatalog.Test\ProductCatalog.Test.csproj", "{7EAEE0A4-F9BF-4FC2-AF5A-D34D628A9E3A}"
EndProject
Global
	GlobalSection(SolutionConfigurationPlatforms) = preSolution
		Debug|Any CPU = Debug|Any CPU
		Debug|x64 = Debug|x64
		Debug|x86 = Debug|x86
		Release|Any CPU = Release|Any CPU
		Release|x64 = Release|x64
		Release|x86 = Release|x86
	EndGlobalSection
	GlobalSection(ProjectConfigurationPlatforms) = postSolution
		{20999658-5059-4C19-A0A9-41C57FDB6388}.Debug|Any CPU.ActiveCfg = Debug|Any CPU
		{20999658-5059-4C19-A0A9-41C57FDB6388}.Debug|Any CPU.Build.0 = Debug|Any CPU
		{20999658-5059-4C19-A0A9-41C57FDB6388}.Debug|x64.ActiveCfg = Debug|Any CPU
		{20999658-5059-4C19-A0A9-41C57FDB6388}.Debug|x64.Build.0 = Debug|Any CPU
		{20999658-5059-4C19-A0A9-41C57FDB6388}.Debug|x86.ActiveCfg = Debug|Any CPU
		{20999658-5059-4C19-A0A9-41C57FDB6388}.Debug|x86.Build.0 = Debug|Any CPU
		{20999658-5059-4C19-A0A9-41C57FDB6388}.Release|Any CPU.ActiveCfg = Release|Any CPU
		{20999658-5059-4C19-A0A9-41C57FDB6388}.Release|Any CPU.Build.0 = Release|Any CPU
		{20999658-5059-4C19-A0A9-41C57FDB6388}.Release|x64.ActiveCfg = Release|Any CPU
		{20999658-5059-4C19-A0A9-41C57FDB6388}.Release|x64.Build.0 = Release|Any CPU
		{20999658-5059-4C19-A0A9-41C57FDB6388}.Release|x86.ActiveCfg = Release|Any CPU
		{20999658-5059-4C19-A0A9-41C57FDB6388}.Release|x86.Build.0 = Release|Any CPU
		{7EAEE0A4-F9BF-4FC2-AF5A-D34D628A9E3A}.Debug|Any CPU.ActiveCfg = Debug|Any CPU
		{7EAEE0A4-F9BF-4FC2-AF5A-D34D628A9E3A}.Debug|Any CPU.Build.0 = Debug|Any CPU
		{7EAEE0A4-F9BF-4FC2-AF5A-D34D628A9E3A}.Debug|x64.ActiveCfg = Debug|Any CPU
		{7EAEE0A4-F9BF-4FC2-AF5A-D34D628A9E3A}.Debug|x64.Build.0 = Debug|Any CPU
		{7EAEE0A4-F9BF-4FC2-AF5A-D34D628A9E3A}.Debug|x86.ActiveCfg = Debug|Any CPU
		{7EAEE0A4-F9BF-4FC2-AF5A-D34D628A9E3A}.Debug|x86.Build.0 = Debug|Any CPU
		{7EAEE0A4-F9BF-4FC2-AF5A-D34D628A9E3A}.Release|Any CPU.ActiveCfg = Release|Any CPU
		{7EAEE0A4-F9BF-4FC2-AF5A-D34D628A9E3A}.Release|Any CPU.Build.0 = Release|Any CPU
		{7EAEE0A4-F9BF-4FC2-AF5A-D34D628A9E3A}.Release|x64.ActiveCfg = Release|Any CPU
		{7EAEE0A4-F9BF-4FC2-AF5A-D34D628A9E3A}.Release|x64.Build.0 = Release|Any CPU
		{7EAEE0A4-F9BF-4FC2-AF5A-D34D628A9E3A}.Release|x86.ActiveCfg = Release|Any CPU
		{7EAEE0A4-F9BF-4FC2-AF5A-D34D628A9E3A}.Release|x86.Build.0 = Release|Any CPU
	EndGlobalSection
	GlobalSection(SolutionProperties) = preSolution
		HideSolutionNode = FALSE
	EndGlobalSection
EndGlobal
